
Microsoft Visual Studio Solution File, Format Version 12.00
# Visual Studio Version 16
VisualStudioVersion = 16.0.29613.14
MinimumVisualStudioVersion = 10.0.40219.1
Project("{9A19103F-16F7-4668-BE54-9A1E7A4F7556}") = "TestPoint", "TestPoint.csproj", "{27EF9C8F-CA30-4652-B85C-E93DFA1A994F}"
EndProject
Project("{2150E333-8FDC-42A3-9474-1A3956D46DE8}") = "Solution Items", "Solution Items", "{4F682726-3496-4CE7-A8B3-75E1261D6B9A}"
	ProjectSection(SolutionItems) = preProject
		.github\workflows\dotnetcore.yml = .github\workflows\dotnetcore.yml
	EndProjectSection
EndProject
Global
	GlobalSection(SolutionConfigurationPlatforms) = preSolution
		Debug|Any CPU = Debug|Any CPU
		Release|Any CPU = Release|Any CPU
	EndGlobalSection
	GlobalSection(ProjectConfigurationPlatforms) = postSolution
		{27EF9C8F-CA30-4652-B85C-E93DFA1A994F}.Debug|Any CPU.ActiveCfg = Debug|Any CPU
		{27EF9C8F-CA30-4652-B85C-E93DFA1A994F}.Debug|Any CPU.Build.0 = Debug|Any CPU
		{27EF9C8F-CA30-4652-B85C-E93DFA1A994F}.Release|Any CPU.ActiveCfg = Release|Any CPU
		{27EF9C8F-CA30-4652-B85C-E93DFA1A994F}.Release|Any CPU.Build.0 = Release|Any CPU
	EndGlobalSection
	GlobalSection(SolutionProperties) = preSolution
		HideSolutionNode = FALSE
	EndGlobalSection
	GlobalSection(ExtensibilityGlobals) = postSolution
		SolutionGuid = {FD2673A3-3E91-407C-A1F0-4C554289C981}
	EndGlobalSection
EndGlobal
